// !$*UTF8*$!
{
	archiveVersion = 1;
	classes = {
	};
	objectVersion = 50;
	objects = {

/* Begin PBXBuildFile section */
		4F645755243F0B1800300EED /* AppDelegate.swift in Sources */ = {isa = PBXBuildFile; fileRef = 4F645754243F0B1800300EED /* AppDelegate.swift */; };
		4F645757243F0B1800300EED /* SceneDelegate.swift in Sources */ = {isa = PBXBuildFile; fileRef = 4F645756243F0B1800300EED /* SceneDelegate.swift */; };
		4F645759243F0B1800300EED /* ViewController.swift in Sources */ = {isa = PBXBuildFile; fileRef = 4F645758243F0B1800300EED /* ViewController.swift */; };
		4F64575C243F0B1800300EED /* Main.storyboard in Resources */ = {isa = PBXBuildFile; fileRef = 4F64575A243F0B1800300EED /* Main.storyboard */; };
		4F64575E243F0B1900300EED /* Assets.xcassets in Resources */ = {isa = PBXBuildFile; fileRef = 4F64575D243F0B1900300EED /* Assets.xcassets */; };
		4F645761243F0B1900300EED /* LaunchScreen.storyboard in Resources */ = {isa = PBXBuildFile; fileRef = 4F64575F243F0B1900300EED /* LaunchScreen.storyboard */; };
		4F64576C243F0B1A00300EED /* LightTests.swift in Sources */ = {isa = PBXBuildFile; fileRef = 4F64576B243F0B1A00300EED /* LightTests.swift */; };
		4F645777243F0B1A00300EED /* LightUITests.swift in Sources */ = {isa = PBXBuildFile; fileRef = 4F645776243F0B1A00300EED /* LightUITests.swift */; };
/* End PBXBuildFile section */

/* Begin PBXContainerItemProxy section */
		4F645768243F0B1A00300EED /* PBXContainerItemProxy */ = {
			isa = PBXContainerItemProxy;
			containerPortal = 4F645749243F0B1800300EED /* Project object */;
			proxyType = 1;
			remoteGlobalIDString = 4F645750243F0B1800300EED;
			remoteInfo = Light;
		};
		4F645773243F0B1A00300EED /* PBXContainerItemProxy */ = {
			isa = PBXContainerItemProxy;
			containerPortal = 4F645749243F0B1800300EED /* Project object */;
			proxyType = 1;
			remoteGlobalIDString = 4F645750243F0B1800300EED;
			remoteInfo = Light;
		};
/* End PBXContainerItemProxy section */

/* Begin PBXFileReference section */
		4F645751243F0B1800300EED /* Light.app */ = {isa = PBXFileReference; explicitFileType = wrapper.application; includeInIndex = 0; path = Light.app; sourceTree = BUILT_PRODUCTS_DIR; };
		4F645754243F0B1800300EED /* AppDelegate.swift */ = {isa = PBXFileReference; lastKnownFileType = sourcecode.swift; path = AppDelegate.swift; sourceTree = "<group>"; };
		4F645756243F0B1800300EED /* SceneDelegate.swift */ = {isa = PBXFileReference; lastKnownFileType = sourcecode.swift; path = SceneDelegate.swift; sourceTree = "<group>"; };
		4F645758243F0B1800300EED /* ViewController.swift */ = {isa = PBXFileReference; lastKnownFileType = sourcecode.swift; path = ViewController.swift; sourceTree = "<group>"; };
		4F64575B243F0B1800300EED /* Base */ = {isa = PBXFileReference; lastKnownFileType = file.storyboard; name = Base; path = Base.lproj/Main.storyboard; sourceTree = "<group>"; };
		4F64575D243F0B1900300EED /* Assets.xcassets */ = {isa = PBXFileReference; lastKnownFileType = folder.assetcatalog; path = Assets.xcassets; sourceTree = "<group>"; };
		4F645760243F0B1900300EED /* Base */ = {isa = PBXFileReference; lastKnownFileType = file.storyboard; name = Base; path = Base.lproj/LaunchScreen.storyboard; sourceTree = "<group>"; };
		4F645762243F0B1900300EED /* Info.plist */ = {isa = PBXFileReference; lastKnownFileType = text.plist.xml; path = Info.plist; sourceTree = "<group>"; };
		4F645767243F0B1A00300EED /* LightTests.xctest */ = {isa = PBXFileReference; explicitFileType = wrapper.cfbundle; includeInIndex = 0; path = LightTests.xctest; sourceTree = BUILT_PRODUCTS_DIR; };
		4F64576B243F0B1A00300EED /* LightTests.swift */ = {isa = PBXFileReference; lastKnownFileType = sourcecode.swift; path = LightTests.swift; sourceTree = "<group>"; };
		4F64576D243F0B1A00300EED /* Info.plist */ = {isa = PBXFileReference; lastKnownFileType = text.plist.xml; path = Info.plist; sourceTree = "<group>"; };
		4F645772243F0B1A00300EED /* LightUITests.xctest */ = {isa = PBXFileReference; explicitFileType = wrapper.cfbundle; includeInIndex = 0; path = LightUITests.xctest; sourceTree = BUILT_PRODUCTS_DIR; };
		4F645776243F0B1A00300EED /* LightUITests.swift */ = {isa = PBXFileReference; lastKnownFileType = sourcecode.swift; path = LightUITests.swift; sourceTree = "<group>"; };
		4F645778243F0B1A00300EED /* Info.plist */ = {isa = PBXFileReference; lastKnownFileType = text.plist.xml; path = Info.plist; sourceTree = "<group>"; };
/* End PBXFileReference section */

/* Begin PBXFrameworksBuildPhase section */
		4F64574E243F0B1800300EED /* Frameworks */ = {
			isa = PBXFrameworksBuildPhase;
			buildActionMask = 2147483647;
			files = (
			);
			runOnlyForDeploymentPostprocessing = 0;
		};
		4F645764243F0B1A00300EED /* Frameworks */ = {
			isa = PBXFrameworksBuildPhase;
			buildActionMask = 2147483647;
			files = (
			);
			runOnlyForDeploymentPostprocessing = 0;
		};
		4F64576F243F0B1A00300EED /* Frameworks */ = {
			isa = PBXFrameworksBuildPhase;
			buildActionMask = 2147483647;
			files = (
			);
			runOnlyForDeploymentPostprocessing = 0;
		};
/* End PBXFrameworksBuildPhase section */

/* Begin PBXGroup section */
		4F645748243F0B1800300EED = {
			isa = PBXGroup;
			children = (
				4F645753243F0B1800300EED /* Light */,
				4F64576A243F0B1A00300EED /* LightTests */,
				4F645775243F0B1A00300EED /* LightUITests */,
				4F645752243F0B1800300EED /* Products */,
			);
			sourceTree = "<group>";
		};
		4F645752243F0B1800300EED /* Products */ = {
			isa = PBXGroup;
			children = (
				4F645751243F0B1800300EED /* Light.app */,
				4F645767243F0B1A00300EED /* LightTests.xctest */,
				4F645772243F0B1A00300EED /* LightUITests.xctest */,
			);
			name = Products;
			sourceTree = "<group>";
		};
		4F645753243F0B1800300EED /* Light */ = {
			isa = PBXGroup;
			children = (
				4F645754243F0B1800300EED /* AppDelegate.swift */,
				4F645756243F0B1800300EED /* SceneDelegate.swift */,
				4F645758243F0B1800300EED /* ViewController.swift */,
				4F64575A243F0B1800300EED /* Main.storyboard */,
				4F64575D243F0B1900300EED /* Assets.xcassets */,
				4F64575F243F0B1900300EED /* LaunchScreen.storyboard */,
				4F645762243F0B1900300EED /* Info.plist */,
			);
			path = Light;
			sourceTree = "<group>";
		};
		4F64576A243F0B1A00300EED /* LightTests */ = {
			isa = PBXGroup;
			children = (
				4F64576B243F0B1A00300EED /* LightTests.swift */,
				4F64576D243F0B1A00300EED /* Info.plist */,
			);
			path = LightTests;
			sourceTree = "<group>";
		};
		4F645775243F0B1A00300EED /* LightUITests */ = {
			isa = PBXGroup;
			children = (
				4F645776243F0B1A00300EED /* LightUITests.swift */,
				4F645778243F0B1A00300EED /* Info.plist */,
			);
			path = LightUITests;
			sourceTree = "<group>";
		};
/* End PBXGroup section */

/* Begin PBXNativeTarget section */
		4F645750243F0B1800300EED /* Light */ = {
			isa = PBXNativeTarget;
			buildConfigurationList = 4F64577B243F0B1A00300EED /* Build configuration list for PBXNativeTarget "Light" */;
			buildPhases = (
				4F64574D243F0B1800300EED /* Sources */,
				4F64574E243F0B1800300EED /* Frameworks */,
				4F64574F243F0B1800300EED /* Resources */,
			);
			buildRules = (
			);
			dependencies = (
			);
			name = Light;
			productName = Light;
			productReference = 4F645751243F0B1800300EED /* Light.app */;
			productType = "com.apple.product-type.application";
		};
		4F645766243F0B1A00300EED /* LightTests */ = {
			isa = PBXNativeTarget;
			buildConfigurationList = 4F64577E243F0B1A00300EED /* Build configuration list for PBXNativeTarget "LightTests" */;
			buildPhases = (
				4F645763243F0B1A00300EED /* Sources */,
				4F645764243F0B1A00300EED /* Frameworks */,
				4F645765243F0B1A00300EED /* Resources */,
			);
			buildRules = (
			);
			dependencies = (
				4F645769243F0B1A00300EED /* PBXTargetDependency */,
			);
			name = LightTests;
			productName = LightTests;
			productReference = 4F645767243F0B1A00300EED /* LightTests.xctest */;
			productType = "com.apple.product-type.bundle.unit-test";
		};
		4F645771243F0B1A00300EED /* LightUITests */ = {
			isa = PBXNativeTarget;
			buildConfigurationList = 4F645781243F0B1A00300EED /* Build configuration list for PBXNativeTarget "LightUITests" */;
			buildPhases = (
				4F64576E243F0B1A00300EED /* Sources */,
				4F64576F243F0B1A00300EED /* Frameworks */,
				4F645770243F0B1A00300EED /* Resources */,
			);
			buildRules = (
			);
			dependencies = (
				4F645774243F0B1A00300EED /* PBXTargetDependency */,
			);
			name = LightUITests;
			productName = LightUITests;
			productReference = 4F645772243F0B1A00300EED /* LightUITests.xctest */;
			productType = "com.apple.product-type.bundle.ui-testing";
		};
/* End PBXNativeTarget section */

/* Begin PBXProject section */
		4F645749243F0B1800300EED /* Project object */ = {
			isa = PBXProject;
			attributes = {
				LastSwiftUpdateCheck = 1140;
				LastUpgradeCheck = 1140;
				ORGANIZATIONNAME = Debarshi;
				TargetAttributes = {
					4F645750243F0B1800300EED = {
						CreatedOnToolsVersion = 11.4;
					};
					4F645766243F0B1A00300EED = {
						CreatedOnToolsVersion = 11.4;
						TestTargetID = 4F645750243F0B1800300EED;
					};
					4F645771243F0B1A00300EED = {
						CreatedOnToolsVersion = 11.4;
						TestTargetID = 4F645750243F0B1800300EED;
					};
				};
			};
			buildConfigurationList = 4F64574C243F0B1800300EED /* Build configuration list for PBXProject "Light" */;
			compatibilityVersion = "Xcode 9.3";
			developmentRegion = en;
			hasScannedForEncodings = 0;
			knownRegions = (
				en,
				Base,
			);
			mainGroup = 4F645748243F0B1800300EED;
			productRefGroup = 4F645752243F0B1800300EED /* Products */;
			projectDirPath = "";
			projectRoot = "";
			targets = (
				4F645750243F0B1800300EED /* Light */,
				4F645766243F0B1A00300EED /* LightTests */,
				4F645771243F0B1A00300EED /* LightUITests */,
			);
		};
/* End PBXProject section */

/* Begin PBXResourcesBuildPhase section */
		4F64574F243F0B1800300EED /* Resources */ = {
			isa = PBXResourcesBuildPhase;
			buildActionMask = 2147483647;
			files = (
				4F645761243F0B1900300EED /* LaunchScreen.storyboard in Resources */,
				4F64575E243F0B1900300EED /* Assets.xcassets in Resources */,
				4F64575C243F0B1800300EED /* Main.storyboard in Resources */,
			);
			runOnlyForDeploymentPostprocessing = 0;
		};
		4F645765243F0B1A00300EED /* Resources */ = {
			isa = PBXResourcesBuildPhase;
			buildActionMask = 2147483647;
			files = (
			);
			runOnlyForDeploymentPostprocessing = 0;
		};
		4F645770243F0B1A00300EED /* Resources */ = {
			isa = PBXResourcesBuildPhase;
			buildActionMask = 2147483647;
			files = (
			);
			runOnlyForDeploymentPostprocessing = 0;
		};
/* End PBXResourcesBuildPhase section */

/* Begin PBXSourcesBuildPhase section */
		4F64574D243F0B1800300EED /* Sources */ = {
			isa = PBXSourcesBuildPhase;
			buildActionMask = 2147483647;
			files = (
				4F645759243F0B1800300EED /* ViewController.swift in Sources */,
				4F645755243F0B1800300EED /* AppDelegate.swift in Sources */,
				4F645757243F0B1800300EED /* SceneDelegate.swift in Sources */,
			);
			runOnlyForDeploymentPostprocessing = 0;
		};
		4F645763243F0B1A00300EED /* Sources */ = {
			isa = PBXSourcesBuildPhase;
			buildActionMask = 2147483647;
			files = (
				4F64576C243F0B1A00300EED /* LightTests.swift in Sources */,
			);
			runOnlyForDeploymentPostprocessing = 0;
		};
		4F64576E243F0B1A00300EED /* Sources */ = {
			isa = PBXSourcesBuildPhase;
			buildActionMask = 2147483647;
			files = (
				4F645777243F0B1A00300EED /* LightUITests.swift in Sources */,
			);
			runOnlyForDeploymentPostprocessing = 0;
		};
/* End PBXSourcesBuildPhase section */

/* Begin PBXTargetDependency section */
		4F645769243F0B1A00300EED /* PBXTargetDependency */ = {
			isa = PBXTargetDependency;
			target = 4F645750243F0B1800300EED /* Light */;
			targetProxy = 4F645768243F0B1A00300EED /* PBXContainerItemProxy */;
		};
		4F645774243F0B1A00300EED /* PBXTargetDependency */ = {
			isa = PBXTargetDependency;
			target = 4F645750243F0B1800300EED /* Light */;
			targetProxy = 4F645773243F0B1A00300EED /* PBXContainerItemProxy */;
		};
/* End PBXTargetDependency section */

/* Begin PBXVariantGroup section */
		4F64575A243F0B1800300EED /* Main.storyboard */ = {
			isa = PBXVariantGroup;
			children = (
				4F64575B243F0B1800300EED /* Base */,
			);
			name = Main.storyboard;
			sourceTree = "<group>";
		};
		4F64575F243F0B1900300EED /* LaunchScreen.storyboard */ = {
			isa = PBXVariantGroup;
			children = (
				4F645760243F0B1900300EED /* Base */,
			);
			name = LaunchScreen.storyboard;
			sourceTree = "<group>";
		};
/* End PBXVariantGroup section */

/* Begin XCBuildConfiguration section */
		4F645779243F0B1A00300EED /* Debug */ = {
			isa = XCBuildConfiguration;
			buildSettings = {
				ALWAYS_SEARCH_USER_PATHS = NO;
				CLANG_ANALYZER_NONNULL = YES;
				CLANG_ANALYZER_NUMBER_OBJECT_CONVERSION = YES_AGGRESSIVE;
				CLANG_CXX_LANGUAGE_STANDARD = "gnu++14";
				CLANG_CXX_LIBRARY = "libc++";
				CLANG_ENABLE_MODULES = YES;
				CLANG_ENABLE_OBJC_ARC = YES;
				CLANG_ENABLE_OBJC_WEAK = YES;
				CLANG_WARN_BLOCK_CAPTURE_AUTORELEASING = YES;
				CLANG_WARN_BOOL_CONVERSION = YES;
				CLANG_WARN_COMMA = YES;
				CLANG_WARN_CONSTANT_CONVERSION = YES;
				CLANG_WARN_DEPRECATED_OBJC_IMPLEMENTATIONS = YES;
				CLANG_WARN_DIRECT_OBJC_ISA_USAGE = YES_ERROR;
				CLANG_WARN_DOCUMENTATION_COMMENTS = YES;
				CLANG_WARN_EMPTY_BODY = YES;
				CLANG_WARN_ENUM_CONVERSION = YES;
				CLANG_WARN_INFINITE_RECURSION = YES;
				CLANG_WARN_INT_CONVERSION = YES;
				CLANG_WARN_NON_LITERAL_NULL_CONVERSION = YES;
				CLANG_WARN_OBJC_IMPLICIT_RETAIN_SELF = YES;
				CLANG_WARN_OBJC_LITERAL_CONVERSION = YES;
				CLANG_WARN_OBJC_ROOT_CLASS = YES_ERROR;
				CLANG_WARN_RANGE_LOOP_ANALYSIS = YES;
				CLANG_WARN_STRICT_PROTOTYPES = YES;
				CLANG_WARN_SUSPICIOUS_MOVE = YES;
				CLANG_WARN_UNGUARDED_AVAILABILITY = YES_AGGRESSIVE;
				CLANG_WARN_UNREACHABLE_CODE = YES;
				CLANG_WARN__DUPLICATE_METHOD_MATCH = YES;
				COPY_PHASE_STRIP = NO;
				DEBUG_INFORMATION_FORMAT = dwarf;
				ENABLE_STRICT_OBJC_MSGSEND = YES;
				ENABLE_TESTABILITY = YES;
				GCC_C_LANGUAGE_STANDARD = gnu11;
				GCC_DYNAMIC_NO_PIC = NO;
				GCC_NO_COMMON_BLOCKS = YES;
				GCC_OPTIMIZATION_LEVEL = 0;
				GCC_PREPROCESSOR_DEFINITIONS = (
					"DEBUG=1",
					"$(inherited)",
				);
				GCC_WARN_64_TO_32_BIT_CONVERSION = YES;
				GCC_WARN_ABOUT_RETURN_TYPE = YES_ERROR;
				GCC_WARN_UNDECLARED_SELECTOR = YES;
				GCC_WARN_UNINITIALIZED_AUTOS = YES_AGGRESSIVE;
				GCC_WARN_UNUSED_FUNCTION = YES;
				GCC_WARN_UNUSED_VARIABLE = YES;
				IPHONEOS_DEPLOYMENT_TARGET = 13.4;
				MTL_ENABLE_DEBUG_INFO = INCLUDE_SOURCE;
				MTL_FAST_MATH = YES;
				ONLY_ACTIVE_ARCH = YES;
				SDKROOT = iphoneos;
				SWIFT_ACTIVE_COMPILATION_CONDITIONS = DEBUG;
				SWIFT_OPTIMIZATION_LEVEL = "-Onone";
			};
			name = Debug;
		};
		4F64577A243F0B1A00300EED /* Release */ = {
			isa = XCBuildConfiguration;
			buildSettings = {
				ALWAYS_SEARCH_USER_PATHS = NO;
				CLANG_ANALYZER_NONNULL = YES;
				CLANG_ANALYZER_NUMBER_OBJECT_CONVERSION = YES_AGGRESSIVE;
				CLANG_CXX_LANGUAGE_STANDARD = "gnu++14";
				CLANG_CXX_LIBRARY = "libc++";
				CLANG_ENABLE_MODULES = YES;
				CLANG_ENABLE_OBJC_ARC = YES;
				CLANG_ENABLE_OBJC_WEAK = YES;
				CLANG_WARN_BLOCK_CAPTURE_AUTORELEASING = YES;
				CLANG_WARN_BOOL_CONVERSION = YES;
				CLANG_WARN_COMMA = YES;
				CLANG_WARN_CONSTANT_CONVERSION = YES;
				CLANG_WARN_DEPRECATED_OBJC_IMPLEMENTATIONS = YES;
				CLANG_WARN_DIRECT_OBJC_ISA_USAGE = YES_ERROR;
				CLANG_WARN_DOCUMENTATION_COMMENTS = YES;
				CLANG_WARN_EMPTY_BODY = YES;
				CLANG_WARN_ENUM_CONVERSION = YES;
				CLANG_WARN_INFINITE_RECURSION = YES;
				CLANG_WARN_INT_CONVERSION = YES;
				CLANG_WARN_NON_LITERAL_NULL_CONVERSION = YES;
				CLANG_WARN_OBJC_IMPLICIT_RETAIN_SELF = YES;
				CLANG_WARN_OBJC_LITERAL_CONVERSION = YES;
				CLANG_WARN_OBJC_ROOT_CLASS = YES_ERROR;
				CLANG_WARN_RANGE_LOOP_ANALYSIS = YES;
				CLANG_WARN_STRICT_PROTOTYPES = YES;
				CLANG_WARN_SUSPICIOUS_MOVE = YES;
				CLANG_WARN_UNGUARDED_AVAILABILITY = YES_AGGRESSIVE;
				CLANG_WARN_UNREACHABLE_CODE = YES;
				CLANG_WARN__DUPLICATE_METHOD_MATCH = YES;
				COPY_PHASE_STRIP = NO;
				DEBUG_INFORMATION_FORMAT = "dwarf-with-dsym";
				ENABLE_NS_ASSERTIONS = NO;
				ENABLE_STRICT_OBJC_MSGSEND = YES;
				GCC_C_LANGUAGE_STANDARD = gnu11;
				GCC_NO_COMMON_BLOCKS = YES;
				GCC_WARN_64_TO_32_BIT_CONVERSION = YES;
				GCC_WARN_ABOUT_RETURN_TYPE = YES_ERROR;
				GCC_WARN_UNDECLARED_SELECTOR = YES;
				GCC_WARN_UNINITIALIZED_AUTOS = YES_AGGRESSIVE;
				GCC_WARN_UNUSED_FUNCTION = YES;
				GCC_WARN_UNUSED_VARIABLE = YES;
				IPHONEOS_DEPLOYMENT_TARGET = 13.4;
				MTL_ENABLE_DEBUG_INFO = NO;
				MTL_FAST_MATH = YES;
				SDKROOT = iphoneos;
				SWIFT_COMPILATION_MODE = wholemodule;
				SWIFT_OPTIMIZATION_LEVEL = "-O";
				VALIDATE_PRODUCT = YES;
			};
			name = Release;
		};
		4F64577C243F0B1A00300EED /* Debug */ = {
			isa = XCBuildConfiguration;
			buildSettings = {
				ASSETCATALOG_COMPILER_APPICON_NAME = AppIcon;
				CODE_SIGN_STYLE = Automatic;
				INFOPLIST_FILE = Light/Info.plist;
				LD_RUNPATH_SEARCH_PATHS = (
					"$(inherited)",
					"@executable_path/Frameworks",
				);
				PRODUCT_BUNDLE_IDENTIFIER = Debarshi.Light;
				PRODUCT_NAME = "$(TARGET_NAME)";
				SWIFT_VERSION = 5.0;
				TARGETED_DEVICE_FAMILY = "1,2";
			};
			name = Debug;
		};
		4F64577D243F0B1A00300EED /* Release */ = {
			isa = XCBuildConfiguration;
			buildSettings = {
				ASSETCATALOG_COMPILER_APPICON_NAME = AppIcon;
				CODE_SIGN_STYLE = Automatic;
				INFOPLIST_FILE = Light/Info.plist;
				LD_RUNPATH_SEARCH_PATHS = (
					"$(inherited)",
					"@executable_path/Frameworks",
				);
				PRODUCT_BUNDLE_IDENTIFIER = Debarshi.Light;
				PRODUCT_NAME = "$(TARGET_NAME)";
				SWIFT_VERSION = 5.0;
				TARGETED_DEVICE_FAMILY = "1,2";
			};
			name = Release;
		};
		4F64577F243F0B1A00300EED /* Debug */ = {
			isa = XCBuildConfiguration;
			buildSettings = {
				ALWAYS_EMBED_SWIFT_STANDARD_LIBRARIES = YES;
				BUNDLE_LOADER = "$(TEST_HOST)";
				CODE_SIGN_STYLE = Automatic;
				INFOPLIST_FILE = LightTests/Info.plist;
				IPHONEOS_DEPLOYMENT_TARGET = 13.4;
				LD_RUNPATH_SEARCH_PATHS = (
					"$(inherited)",
					"@executable_path/Frameworks",
					"@loader_path/Frameworks",
				);
				PRODUCT_BUNDLE_IDENTIFIER = Debarshi.LightTests;
				PRODUCT_NAME = "$(TARGET_NAME)";
				SWIFT_VERSION = 5.0;
				TARGETED_DEVICE_FAMILY = "1,2";
				TEST_HOST = "$(BUILT_PRODUCTS_DIR)/Light.app/Light";
			};
			name = Debug;
		};
		4F645780243F0B1A00300EED /* Release */ = {
			isa = XCBuildConfiguration;
			buildSettings = {
				ALWAYS_EMBED_SWIFT_STANDARD_LIBRARIES = YES;
				BUNDLE_LOADER = "$(TEST_HOST)";
				CODE_SIGN_STYLE = Automatic;
				INFOPLIST_FILE = LightTests/Info.plist;
				IPHONEOS_DEPLOYMENT_TARGET = 13.4;
				LD_RUNPATH_SEARCH_PATHS = (
					"$(inherited)",
					"@executable_path/Frameworks",
					"@loader_path/Frameworks",
				);
				PRODUCT_BUNDLE_IDENTIFIER = Debarshi.LightTests;
				PRODUCT_NAME = "$(TARGET_NAME)";
				SWIFT_VERSION = 5.0;
				TARGETED_DEVICE_FAMILY = "1,2";
				TEST_HOST = "$(BUILT_PRODUCTS_DIR)/Light.app/Light";
			};
			name = Release;
		};
		4F645782243F0B1A00300EED /* Debug */ = {
			isa = XCBuildConfiguration;
			buildSettings = {
				ALWAYS_EMBED_SWIFT_STANDARD_LIBRARIES = YES;
				CODE_SIGN_STYLE = Automatic;
				INFOPLIST_FILE = LightUITests/Info.plist;
				LD_RUNPATH_SEARCH_PATHS = (
					"$(inherited)",
					"@executable_path/Frameworks",
					"@loader_path/Frameworks",
				);
				PRODUCT_BUNDLE_IDENTIFIER = Debarshi.LightUITests;
				PRODUCT_NAME = "$(TARGET_NAME)";
				SWIFT_VERSION = 5.0;
				TARGETED_DEVICE_FAMILY = "1,2";
				TEST_TARGET_NAME = Light;
			};
			name = Debug;
		};
		4F645783243F0B1A00300EED /* Release */ = {
			isa = XCBuildConfiguration;
			buildSettings = {
				ALWAYS_EMBED_SWIFT_STANDARD_LIBRARIES = YES;
				CODE_SIGN_STYLE = Automatic;
				INFOPLIST_FILE = LightUITests/Info.plist;
				LD_RUNPATH_SEARCH_PATHS = (
					"$(inherited)",
					"@executable_path/Frameworks",
					"@loader_path/Frameworks",
				);
				PRODUCT_BUNDLE_IDENTIFIER = Debarshi.LightUITests;
				PRODUCT_NAME = "$(TARGET_NAME)";
				SWIFT_VERSION = 5.0;
				TARGETED_DEVICE_FAMILY = "1,2";
				TEST_TARGET_NAME = Light;
			};
			name = Release;
		};
/* End XCBuildConfiguration section */

/* Begin XCConfigurationList section */
		4F64574C243F0B1800300EED /* Build configuration list for PBXProject "Light" */ = {
			isa = XCConfigurationList;
			buildConfigurations = (
				4F645779243F0B1A00300EED /* Debug */,
				4F64577A243F0B1A00300EED /* Release */,
			);
			defaultConfigurationIsVisible = 0;
			defaultConfigurationName = Release;
		};
		4F64577B243F0B1A00300EED /* Build configuration list for PBXNativeTarget "Light" */ = {
			isa = XCConfigurationList;
			buildConfigurations = (
				4F64577C243F0B1A00300EED /* Debug */,
				4F64577D243F0B1A00300EED /* Release */,
			);
			defaultConfigurationIsVisible = 0;
			defaultConfigurationName = Release;
		};
		4F64577E243F0B1A00300EED /* Build configuration list for PBXNativeTarget "LightTests" */ = {
			isa = XCConfigurationList;
			buildConfigurations = (
				4F64577F243F0B1A00300EED /* Debug */,
				4F645780243F0B1A00300EED /* Release */,
			);
			defaultConfigurationIsVisible = 0;
			defaultConfigurationName = Release;
		};
		4F645781243F0B1A00300EED /* Build configuration list for PBXNativeTarget "LightUITests" */ = {
			isa = XCConfigurationList;
			buildConfigurations = (
				4F645782243F0B1A00300EED /* Debug */,
				4F645783243F0B1A00300EED /* Release */,
			);
			defaultConfigurationIsVisible = 0;
			defaultConfigurationName = Release;
		};
/* End XCConfigurationList section */
	};
	rootObject = 4F645749243F0B1800300EED /* Project object */;
}
